
Microsoft Visual Studio Solution File, Format Version 12.00
# Visual Studio Version 17
VisualStudioVersion = 17.14.37111.16 d17.14
MinimumVisualStudioVersion = 10.0.40219.1
Project("{FAE04EC0-301F-11D3-BF4B-00C04F79EFBC}") = "PersonalAccountingSystem", "PersonalAccountingSystem\PersonalAccountingSystem.csproj", "{1684A205-838F-4D86-B72B-592D99E46780}"
EndProject
Global
	GlobalSection(SolutionConfigurationPlatforms) = preSolution
		Debug|Any CPU = Debug|Any CPU
		Release|Any CPU = Release|Any CPU
	EndGlobalSection
	GlobalSection(ProjectConfigurationPlatforms) = postSolution
		{1684A205-838F-4D86-B72B-592D99E46780}.Debug|Any CPU.ActiveCfg = Debug|Any CPU
		{1684A205-838F-4D86-B72B-592D99E46780}.Debug|Any CPU.Build.0 = Debug|Any CPU
		{1684A205-838F-4D86-B72B-592D99E46780}.Release|Any CPU.ActiveCfg = Release|Any CPU
		{1684A205-838F-4D86-B72B-592D99E46780}.Release|Any CPU.Build.0 = Release|Any CPU
	EndGlobalSection
	GlobalSection(SolutionProperties) = preSolution
		HideSolutionNode = FALSE
	EndGlobalSection
	GlobalSection(ExtensibilityGlobals) = postSolution
		SolutionGuid = {7EDA32F1-6828-43EB-B417-F65917768F9C}
	EndGlobalSection
EndGlobal
